
Microsoft Visual Studio Solution File, Format Version 12.00
# Visual Studio Version 17
VisualStudioVersion = 17.4.33205.214
MinimumVisualStudioVersion = 10.0.40219.1
Project("{2150E333-8FDC-42A3-9474-1A3956D46DE8}") = "src", "src", "{EE5229A1-C9DA-416D-99B1-E28B0B614D55}"
EndProject
Project("{9A19103F-16F7-4668-BE54-9A1E7A4F7556}") = "SiemensIXBlazor", "SiemensIXBlazor\SiemensIXBlazor.csproj", "{8520AECF-0DA3-4A68-8525-5D9E21E36B14}"
EndProject
Project("{FAE04EC0-301F-11D3-BF4B-00C04F79EFBC}") = "SiemensIXBlazor.TestApp", "SiemensIXBlazor.TestApp\SiemensIXBlazor.TestApp.csproj", "{A9B914E7-EE49-4416-BCB3-73DB90244FFD}"
EndProject
Global
	GlobalSection(SolutionConfigurationPlatforms) = preSolution
		Debug|Any CPU = Debug|Any CPU
		Release|Any CPU = Release|Any CPU
	EndGlobalSection
	GlobalSection(ProjectConfigurationPlatforms) = postSolution
		{8520AECF-0DA3-4A68-8525-5D9E21E36B14}.Debug|Any CPU.ActiveCfg = Debug|Any CPU
		{8520AECF-0DA3-4A68-8525-5D9E21E36B14}.Debug|Any CPU.Build.0 = Debug|Any CPU
		{8520AECF-0DA3-4A68-8525-5D9E21E36B14}.Release|Any CPU.ActiveCfg = Release|Any CPU
		{8520AECF-0DA3-4A68-8525-5D9E21E36B14}.Release|Any CPU.Build.0 = Release|Any CPU
		{A9B914E7-EE49-4416-BCB3-73DB90244FFD}.Debug|Any CPU.ActiveCfg = Debug|Any CPU
		{A9B914E7-EE49-4416-BCB3-73DB90244FFD}.Debug|Any CPU.Build.0 = Debug|Any CPU
		{A9B914E7-EE49-4416-BCB3-73DB90244FFD}.Release|Any CPU.ActiveCfg = Release|Any CPU
		{A9B914E7-EE49-4416-BCB3-73DB90244FFD}.Release|Any CPU.Build.0 = Release|Any CPU
	EndGlobalSection
	GlobalSection(SolutionProperties) = preSolution
		HideSolutionNode = FALSE
	EndGlobalSection
	GlobalSection(NestedProjects) = preSolution
		{8520AECF-0DA3-4A68-8525-5D9E21E36B14} = {EE5229A1-C9DA-416D-99B1-E28B0B614D55}
	EndGlobalSection
	GlobalSection(ExtensibilityGlobals) = postSolution
		SolutionGuid = {E0AD2AAA-E398-423F-8426-67D6388D11F4}
	EndGlobalSection
EndGlobal
